
Microsoft Visual Studio Solution File, Format Version 12.00
# Visual Studio Version 17
VisualStudioVersion = 17.4.32804.182
MinimumVisualStudioVersion = 10.0.40219.1
Project("{FAE04EC0-301F-11D3-BF4B-00C04F79EFBC}") = "DifficultySettings", "Difficulty Settings\DifficultySettings.csproj", "{8906828E-2393-4316-B8DD-AC9F25DFF58D}"
EndProject
Global
	GlobalSection(SolutionConfigurationPlatforms) = preSolution
		Debug|Any CPU = Debug|Any CPU
		Release|Any CPU = Release|Any CPU
	EndGlobalSection
	GlobalSection(ProjectConfigurationPlatforms) = postSolution
		{8906828E-2393-4316-B8DD-AC9F25DFF58D}.Debug|Any CPU.ActiveCfg = Debug|Any CPU
		{8906828E-2393-4316-B8DD-AC9F25DFF58D}.Debug|Any CPU.Build.0 = Debug|Any CPU
		{8906828E-2393-4316-B8DD-AC9F25DFF58D}.Release|Any CPU.ActiveCfg = Release|Any CPU
		{8906828E-2393-4316-B8DD-AC9F25DFF58D}.Release|Any CPU.Build.0 = Release|Any CPU
	EndGlobalSection
	GlobalSection(SolutionProperties) = preSolution
		HideSolutionNode = FALSE
	EndGlobalSection
	GlobalSection(ExtensibilityGlobals) = postSolution
		SolutionGuid = {3ABDB7B6-E782-47AE-84A0-E94FEDF5D630}
	EndGlobalSection
EndGlobal
